// !$*UTF8*$!
{
	archiveVersion = 1;
	classes = {
	};
	objectVersion = 50;
	objects = {

/* Begin PBXBuildFile section */
		7316A226209F9CAC009EA451 /* AppDelegate.swift in Sources */ = {isa = PBXBuildFile; fileRef = 7316A225209F9CAC009EA451 /* AppDelegate.swift */; };
		7316A228209F9CAC009EA451 /* CategoriesVC.swift in Sources */ = {isa = PBXBuildFile; fileRef = 7316A227209F9CAC009EA451 /* CategoriesVC.swift */; };
		7316A22B209F9CAC009EA451 /* Main.storyboard in Resources */ = {isa = PBXBuildFile; fileRef = 7316A229209F9CAC009EA451 /* Main.storyboard */; };
		7316A22D209F9CB7009EA451 /* Assets.xcassets in Resources */ = {isa = PBXBuildFile; fileRef = 7316A22C209F9CB7009EA451 /* Assets.xcassets */; };
		7316A230209F9CB7009EA451 /* LaunchScreen.storyboard in Resources */ = {isa = PBXBuildFile; fileRef = 7316A22E209F9CB7009EA451 /* LaunchScreen.storyboard */; };
		7316A23B209FA41C009EA451 /* CategoryCell.swift in Sources */ = {isa = PBXBuildFile; fileRef = 7316A23A209FA41C009EA451 /* CategoryCell.swift */; };
		7316A23D209FC74C009EA451 /* Category.swift in Sources */ = {isa = PBXBuildFile; fileRef = 7316A23C209FC74C009EA451 /* Category.swift */; };
		7316A240209FCA06009EA451 /* DataServices.swift in Sources */ = {isa = PBXBuildFile; fileRef = 7316A23F209FCA06009EA451 /* DataServices.swift */; };
		7316A24220A017F9009EA451 /* ProductCell.swift in Sources */ = {isa = PBXBuildFile; fileRef = 7316A24120A017F9009EA451 /* ProductCell.swift */; };
/* End PBXBuildFile section */

/* Begin PBXFileReference section */
		7316A222209F9CAC009EA451 /* coderSwag.app */ = {isa = PBXFileReference; explicitFileType = wrapper.application; includeInIndex = 0; path = coderSwag.app; sourceTree = BUILT_PRODUCTS_DIR; };
		7316A225209F9CAC009EA451 /* AppDelegate.swift */ = {isa = PBXFileReference; lastKnownFileType = sourcecode.swift; path = AppDelegate.swift; sourceTree = "<group>"; };
		7316A227209F9CAC009EA451 /* CategoriesVC.swift */ = {isa = PBXFileReference; lastKnownFileType = sourcecode.swift; path = CategoriesVC.swift; sourceTree = "<group>"; };
		7316A22A209F9CAC009EA451 /* Base */ = {isa = PBXFileReference; lastKnownFileType = file.storyboard; name = Base; path = Base.lproj/Main.storyboard; sourceTree = "<group>"; };
		7316A22C209F9CB7009EA451 /* Assets.xcassets */ = {isa = PBXFileReference; lastKnownFileType = folder.assetcatalog; path = Assets.xcassets; sourceTree = "<group>"; };
		7316A22F209F9CB7009EA451 /* Base */ = {isa = PBXFileReference; lastKnownFileType = file.storyboard; name = Base; path = Base.lproj/LaunchScreen.storyboard; sourceTree = "<group>"; };
		7316A231209F9CB7009EA451 /* Info.plist */ = {isa = PBXFileReference; lastKnownFileType = text.plist.xml; path = Info.plist; sourceTree = "<group>"; };
		7316A23A209FA41C009EA451 /* CategoryCell.swift */ = {isa = PBXFileReference; lastKnownFileType = sourcecode.swift; path = CategoryCell.swift; sourceTree = "<group>"; };
		7316A23C209FC74C009EA451 /* Category.swift */ = {isa = PBXFileReference; lastKnownFileType = sourcecode.swift; path = Category.swift; sourceTree = "<group>"; };
		7316A23F209FCA06009EA451 /* DataServices.swift */ = {isa = PBXFileReference; lastKnownFileType = sourcecode.swift; path = DataServices.swift; sourceTree = "<group>"; };
		7316A24120A017F9009EA451 /* ProductCell.swift */ = {isa = PBXFileReference; lastKnownFileType = sourcecode.swift; path = ProductCell.swift; sourceTree = "<group>"; };
/* End PBXFileReference section */

/* Begin PBXFrameworksBuildPhase section */
		7316A21F209F9CAC009EA451 /* Frameworks */ = {
			isa = PBXFrameworksBuildPhase;
			buildActionMask = 2147483647;
			files = (
			);
			runOnlyForDeploymentPostprocessing = 0;
		};
/* End PBXFrameworksBuildPhase section */

/* Begin PBXGroup section */
		7316A219209F9CAB009EA451 = {
			isa = PBXGroup;
			children = (
				7316A224209F9CAC009EA451 /* coderSwag */,
				7316A223209F9CAC009EA451 /* Products */,
			);
			sourceTree = "<group>";
		};
		7316A223209F9CAC009EA451 /* Products */ = {
			isa = PBXGroup;
			children = (
				7316A222209F9CAC009EA451 /* coderSwag.app */,
			);
			name = Products;
			sourceTree = "<group>";
		};
		7316A224209F9CAC009EA451 /* coderSwag */ = {
			isa = PBXGroup;
			children = (
				7316A23E209FC9E9009EA451 /* Services */,
				7316A239209FA36E009EA451 /* View */,
				7316A238209FA34F009EA451 /* Model */,
				7316A237209FA33E009EA451 /* Controller */,
				7316A225209F9CAC009EA451 /* AppDelegate.swift */,
				7316A229209F9CAC009EA451 /* Main.storyboard */,
				7316A22C209F9CB7009EA451 /* Assets.xcassets */,
				7316A22E209F9CB7009EA451 /* LaunchScreen.storyboard */,
				7316A231209F9CB7009EA451 /* Info.plist */,
			);
			path = coderSwag;
			sourceTree = "<group>";
		};
		7316A237209FA33E009EA451 /* Controller */ = {
			isa = PBXGroup;
			children = (
				7316A227209F9CAC009EA451 /* CategoriesVC.swift */,
			);
			path = Controller;
			sourceTree = "<group>";
		};
		7316A238209FA34F009EA451 /* Model */ = {
			isa = PBXGroup;
			children = (
				7316A23C209FC74C009EA451 /* Category.swift */,
			);
			path = Model;
			sourceTree = "<group>";
		};
		7316A239209FA36E009EA451 /* View */ = {
			isa = PBXGroup;
			children = (
				7316A23A209FA41C009EA451 /* CategoryCell.swift */,
				7316A24120A017F9009EA451 /* ProductCell.swift */,
			);
			path = View;
			sourceTree = "<group>";
		};
		7316A23E209FC9E9009EA451 /* Services */ = {
			isa = PBXGroup;
			children = (
				7316A23F209FCA06009EA451 /* DataServices.swift */,
			);
			path = Services;
			sourceTree = "<group>";
		};
/* End PBXGroup section */

/* Begin PBXNativeTarget section */
		7316A221209F9CAC009EA451 /* coderSwag */ = {
			isa = PBXNativeTarget;
			buildConfigurationList = 7316A234209F9CB7009EA451 /* Build configuration list for PBXNativeTarget "coderSwag" */;
			buildPhases = (
				7316A21E209F9CAC009EA451 /* Sources */,
				7316A21F209F9CAC009EA451 /* Frameworks */,
				7316A220209F9CAC009EA451 /* Resources */,
			);
			buildRules = (
			);
			dependencies = (
			);
			name = coderSwag;
			productName = coderSwag;
			productReference = 7316A222209F9CAC009EA451 /* coderSwag.app */;
			productType = "com.apple.product-type.application";
		};
/* End PBXNativeTarget section */

/* Begin PBXProject section */
		7316A21A209F9CAB009EA451 /* Project object */ = {
			isa = PBXProject;
			attributes = {
				LastSwiftUpdateCheck = 0930;
				LastUpgradeCheck = 0930;
				ORGANIZATIONNAME = "Sawadogo Thierry";
				TargetAttributes = {
					7316A221209F9CAC009EA451 = {
						CreatedOnToolsVersion = 9.3;
					};
				};
			};
			buildConfigurationList = 7316A21D209F9CAC009EA451 /* Build configuration list for PBXProject "coderSwag" */;
			compatibilityVersion = "Xcode 9.3";
			developmentRegion = en;
			hasScannedForEncodings = 0;
			knownRegions = (
				en,
				Base,
			);
			mainGroup = 7316A219209F9CAB009EA451;
			productRefGroup = 7316A223209F9CAC009EA451 /* Products */;
			projectDirPath = "";
			projectRoot = "";
			targets = (
				7316A221209F9CAC009EA451 /* coderSwag */,
			);
		};
/* End PBXProject section */

/* Begin PBXResourcesBuildPhase section */
		7316A220209F9CAC009EA451 /* Resources */ = {
			isa = PBXResourcesBuildPhase;
			buildActionMask = 2147483647;
			files = (
				7316A230209F9CB7009EA451 /* LaunchScreen.storyboard in Resources */,
				7316A22D209F9CB7009EA451 /* Assets.xcassets in Resources */,
				7316A22B209F9CAC009EA451 /* Main.storyboard in Resources */,
			);
			runOnlyForDeploymentPostprocessing = 0;
		};
/* End PBXResourcesBuildPhase section */

/* Begin PBXSourcesBuildPhase section */
		7316A21E209F9CAC009EA451 /* Sources */ = {
			isa = PBXSourcesBuildPhase;
			buildActionMask = 2147483647;
			files = (
				7316A240209FCA06009EA451 /* DataServices.swift in Sources */,
				7316A228209F9CAC009EA451 /* CategoriesVC.swift in Sources */,
				7316A23B209FA41C009EA451 /* CategoryCell.swift in Sources */,
				7316A24220A017F9009EA451 /* ProductCell.swift in Sources */,
				7316A226209F9CAC009EA451 /* AppDelegate.swift in Sources */,
				7316A23D209FC74C009EA451 /* Category.swift in Sources */,
			);
			runOnlyForDeploymentPostprocessing = 0;
		};
/* End PBXSourcesBuildPhase section */

/* Begin PBXVariantGroup section */
		7316A229209F9CAC009EA451 /* Main.storyboard */ = {
			isa = PBXVariantGroup;
			children = (
				7316A22A209F9CAC009EA451 /* Base */,
			);
			name = Main.storyboard;
			sourceTree = "<group>";
		};
		7316A22E209F9CB7009EA451 /* LaunchScreen.storyboard */ = {
			isa = PBXVariantGroup;
			children = (
				7316A22F209F9CB7009EA451 /* Base */,
			);
			name = LaunchScreen.storyboard;
			sourceTree = "<group>";
		};
/* End PBXVariantGroup section */

/* Begin XCBuildConfiguration section */
		7316A232209F9CB7009EA451 /* Debug */ = {
			isa = XCBuildConfiguration;
			buildSettings = {
				ALWAYS_SEARCH_USER_PATHS = NO;
				CLANG_ANALYZER_NONNULL = YES;
				CLANG_ANALYZER_NUMBER_OBJECT_CONVERSION = YES_AGGRESSIVE;
				CLANG_CXX_LANGUAGE_STANDARD = "gnu++14";
				CLANG_CXX_LIBRARY = "libc++";
				CLANG_ENABLE_MODULES = YES;
				CLANG_ENABLE_OBJC_ARC = YES;
				CLANG_ENABLE_OBJC_WEAK = YES;
				CLANG_WARN_BLOCK_CAPTURE_AUTORELEASING = YES;
				CLANG_WARN_BOOL_CONVERSION = YES;
				CLANG_WARN_COMMA = YES;
				CLANG_WARN_CONSTANT_CONVERSION = YES;
				CLANG_WARN_DEPRECATED_OBJC_IMPLEMENTATIONS = YES;
				CLANG_WARN_DIRECT_OBJC_ISA_USAGE = YES_ERROR;
				CLANG_WARN_DOCUMENTATION_COMMENTS = YES;
				CLANG_WARN_EMPTY_BODY = YES;
				CLANG_WARN_ENUM_CONVERSION = YES;
				CLANG_WARN_INFINITE_RECURSION = YES;
				CLANG_WARN_INT_CONVERSION = YES;
				CLANG_WARN_NON_LITERAL_NULL_CONVERSION = YES;
				CLANG_WARN_OBJC_IMPLICIT_RETAIN_SELF = YES;
				CLANG_WARN_OBJC_LITERAL_CONVERSION = YES;
				CLANG_WARN_OBJC_ROOT_CLASS = YES_ERROR;
				CLANG_WARN_RANGE_LOOP_ANALYSIS = YES;
				CLANG_WARN_STRICT_PROTOTYPES = YES;
				CLANG_WARN_SUSPICIOUS_MOVE = YES;
				CLANG_WARN_UNGUARDED_AVAILABILITY = YES_AGGRESSIVE;
				CLANG_WARN_UNREACHABLE_CODE = YES;
				CLANG_WARN__DUPLICATE_METHOD_MATCH = YES;
				CODE_SIGN_IDENTITY = "iPhone Developer";
				COPY_PHASE_STRIP = NO;
				DEBUG_INFORMATION_FORMAT = dwarf;
				ENABLE_STRICT_OBJC_MSGSEND = YES;
				ENABLE_TESTABILITY = YES;
				GCC_C_LANGUAGE_STANDARD = gnu11;
				GCC_DYNAMIC_NO_PIC = NO;
				GCC_NO_COMMON_BLOCKS = YES;
				GCC_OPTIMIZATION_LEVEL = 0;
				GCC_PREPROCESSOR_DEFINITIONS = (
					"DEBUG=1",
					"$(inherited)",
				);
				GCC_WARN_64_TO_32_BIT_CONVERSION = YES;
				GCC_WARN_ABOUT_RETURN_TYPE = YES_ERROR;
				GCC_WARN_UNDECLARED_SELECTOR = YES;
				GCC_WARN_UNINITIALIZED_AUTOS = YES_AGGRESSIVE;
				GCC_WARN_UNUSED_FUNCTION = YES;
				GCC_WARN_UNUSED_VARIABLE = YES;
				IPHONEOS_DEPLOYMENT_TARGET = 11.3;
				MTL_ENABLE_DEBUG_INFO = YES;
				ONLY_ACTIVE_ARCH = YES;
				SDKROOT = iphoneos;
				SWIFT_ACTIVE_COMPILATION_CONDITIONS = DEBUG;
				SWIFT_OPTIMIZATION_LEVEL = "-Onone";
			};
			name = Debug;
		};
		7316A233209F9CB7009EA451 /* Release */ = {
			isa = XCBuildConfiguration;
			buildSettings = {
				ALWAYS_SEARCH_USER_PATHS = NO;
				CLANG_ANALYZER_NONNULL = YES;
				CLANG_ANALYZER_NUMBER_OBJECT_CONVERSION = YES_AGGRESSIVE;
				CLANG_CXX_LANGUAGE_STANDARD = "gnu++14";
				CLANG_CXX_LIBRARY = "libc++";
				CLANG_ENABLE_MODULES = YES;
				CLANG_ENABLE_OBJC_ARC = YES;
				CLANG_ENABLE_OBJC_WEAK = YES;
				CLANG_WARN_BLOCK_CAPTURE_AUTORELEASING = YES;
				CLANG_WARN_BOOL_CONVERSION = YES;
				CLANG_WARN_COMMA = YES;
				CLANG_WARN_CONSTANT_CONVERSION = YES;
				CLANG_WARN_DEPRECATED_OBJC_IMPLEMENTATIONS = YES;
				CLANG_WARN_DIRECT_OBJC_ISA_USAGE = YES_ERROR;
				CLANG_WARN_DOCUMENTATION_COMMENTS = YES;
				CLANG_WARN_EMPTY_BODY = YES;
				CLANG_WARN_ENUM_CONVERSION = YES;
				CLANG_WARN_INFINITE_RECURSION = YES;
				CLANG_WARN_INT_CONVERSION = YES;
				CLANG_WARN_NON_LITERAL_NULL_CONVERSION = YES;
				CLANG_WARN_OBJC_IMPLICIT_RETAIN_SELF = YES;
				CLANG_WARN_OBJC_LITERAL_CONVERSION = YES;
				CLANG_WARN_OBJC_ROOT_CLASS = YES_ERROR;
				CLANG_WARN_RANGE_LOOP_ANALYSIS = YES;
				CLANG_WARN_STRICT_PROTOTYPES = YES;
				CLANG_WARN_SUSPICIOUS_MOVE = YES;
				CLANG_WARN_UNGUARDED_AVAILABILITY = YES_AGGRESSIVE;
				CLANG_WARN_UNREACHABLE_CODE = YES;
				CLANG_WARN__DUPLICATE_METHOD_MATCH = YES;
				CODE_SIGN_IDENTITY = "iPhone Developer";
				COPY_PHASE_STRIP = NO;
				DEBUG_INFORMATION_FORMAT = "dwarf-with-dsym";
				ENABLE_NS_ASSERTIONS = NO;
				ENABLE_STRICT_OBJC_MSGSEND = YES;
				GCC_C_LANGUAGE_STANDARD = gnu11;
				GCC_NO_COMMON_BLOCKS = YES;
				GCC_WARN_64_TO_32_BIT_CONVERSION = YES;
				GCC_WARN_ABOUT_RETURN_TYPE = YES_ERROR;
				GCC_WARN_UNDECLARED_SELECTOR = YES;
				GCC_WARN_UNINITIALIZED_AUTOS = YES_AGGRESSIVE;
				GCC_WARN_UNUSED_FUNCTION = YES;
				GCC_WARN_UNUSED_VARIABLE = YES;
				IPHONEOS_DEPLOYMENT_TARGET = 11.3;
				MTL_ENABLE_DEBUG_INFO = NO;
				SDKROOT = iphoneos;
				SWIFT_COMPILATION_MODE = wholemodule;
				SWIFT_OPTIMIZATION_LEVEL = "-O";
				VALIDATE_PRODUCT = YES;
			};
			name = Release;
		};
		7316A235209F9CB7009EA451 /* Debug */ = {
			isa = XCBuildConfiguration;
			buildSettings = {
				ASSETCATALOG_COMPILER_APPICON_NAME = AppIcon;
				CODE_SIGN_STYLE = Automatic;
				DEVELOPMENT_TEAM = 4YUDLJ2A5M;
				INFOPLIST_FILE = coderSwag/Info.plist;
				IPHONEOS_DEPLOYMENT_TARGET = 10.0;
				LD_RUNPATH_SEARCH_PATHS = (
					"$(inherited)",
					"@executable_path/Frameworks",
				);
				PRODUCT_BUNDLE_IDENTIFIER = com.thierry.coderSwag;
				PRODUCT_NAME = "$(TARGET_NAME)";
				SWIFT_VERSION = 4.0;
				TARGETED_DEVICE_FAMILY = "1,2";
			};
			name = Debug;
		};
		7316A236209F9CB7009EA451 /* Release */ = {
			isa = XCBuildConfiguration;
			buildSettings = {
				ASSETCATALOG_COMPILER_APPICON_NAME = AppIcon;
				CODE_SIGN_STYLE = Automatic;
				DEVELOPMENT_TEAM = 4YUDLJ2A5M;
				INFOPLIST_FILE = coderSwag/Info.plist;
				IPHONEOS_DEPLOYMENT_TARGET = 10.0;
				LD_RUNPATH_SEARCH_PATHS = (
					"$(inherited)",
					"@executable_path/Frameworks",
				);
				PRODUCT_BUNDLE_IDENTIFIER = com.thierry.coderSwag;
				PRODUCT_NAME = "$(TARGET_NAME)";
				SWIFT_VERSION = 4.0;
				TARGETED_DEVICE_FAMILY = "1,2";
			};
			name = Release;
		};
/* End XCBuildConfiguration section */

/* Begin XCConfigurationList section */
		7316A21D209F9CAC009EA451 /* Build configuration list for PBXProject "coderSwag" */ = {
			isa = XCConfigurationList;
			buildConfigurations = (
				7316A232209F9CB7009EA451 /* Debug */,
				7316A233209F9CB7009EA451 /* Release */,
			);
			defaultConfigurationIsVisible = 0;
			defaultConfigurationName = Release;
		};
		7316A234209F9CB7009EA451 /* Build configuration list for PBXNativeTarget "coderSwag" */ = {
			isa = XCConfigurationList;
			buildConfigurations = (
				7316A235209F9CB7009EA451 /* Debug */,
				7316A236209F9CB7009EA451 /* Release */,
			);
			defaultConfigurationIsVisible = 0;
			defaultConfigurationName = Release;
		};
/* End XCConfigurationList section */
	};
	rootObject = 7316A21A209F9CAB009EA451 /* Project object */;
}
